// !$*UTF8*$!
{
	archiveVersion = 1;
	classes = {
	};
	objectVersion = 52;
	objects = {

/* Begin PBXBuildFile section */
		6D33A08C2556027D00EA4EAF /* NotificationService.swift in Sources */ = {isa = PBXBuildFile; fileRef = 6DB2856825560132004DEDF6 /* NotificationService.swift */; };
		6DB2852F2555BD05004DEDF6 /* MotiWadeApp.swift in Sources */ = {isa = PBXBuildFile; fileRef = 6DB2852E2555BD05004DEDF6 /* MotiWadeApp.swift */; };
		6DB285312555BD05004DEDF6 /* ContentView.swift in Sources */ = {isa = PBXBuildFile; fileRef = 6DB285302555BD05004DEDF6 /* ContentView.swift */; };
		6DB285332555BD08004DEDF6 /* Assets.xcassets in Resources */ = {isa = PBXBuildFile; fileRef = 6DB285322555BD08004DEDF6 /* Assets.xcassets */; };
		6DB285362555BD08004DEDF6 /* Preview Assets.xcassets in Resources */ = {isa = PBXBuildFile; fileRef = 6DB285352555BD08004DEDF6 /* Preview Assets.xcassets */; };
		6DB2853F2555BF3E004DEDF6 /* WebView.swift in Sources */ = {isa = PBXBuildFile; fileRef = 6DB2853E2555BF3E004DEDF6 /* WebView.swift */; };
		6DB285422555C7ED004DEDF6 /* secret.json in Resources */ = {isa = PBXBuildFile; fileRef = 6DB285412555C7ED004DEDF6 /* secret.json */; };
		6DB285562555DDA3004DEDF6 /* FirebaseAuth in Frameworks */ = {isa = PBXBuildFile; productRef = 6DB285552555DDA3004DEDF6 /* FirebaseAuth */; };
		6DB285582555DDA3004DEDF6 /* FirebaseMessaging in Frameworks */ = {isa = PBXBuildFile; productRef = 6DB285572555DDA3004DEDF6 /* FirebaseMessaging */; };
		6DB2855B2555DDCB004DEDF6 /* AppDelegate.swift in Sources */ = {isa = PBXBuildFile; fileRef = 6DB2855A2555DDCB004DEDF6 /* AppDelegate.swift */; };
		6DB2855E2555DEF6004DEDF6 /* GoogleService-Info.plist in Resources */ = {isa = PBXBuildFile; fileRef = 6DB2855D2555DEF6004DEDF6 /* GoogleService-Info.plist */; };
		6DB2856925560132004DEDF6 /* NotificationService.swift in Sources */ = {isa = PBXBuildFile; fileRef = 6DB2856825560132004DEDF6 /* NotificationService.swift */; };
		6DB2856D25560132004DEDF6 /* ImagesNotificationService.appex in Embed App Extensions */ = {isa = PBXBuildFile; fileRef = 6DB2856625560132004DEDF6 /* ImagesNotificationService.appex */; settings = {ATTRIBUTES = (RemoveHeadersOnCopy, ); }; };
		6DB285782556020F004DEDF6 /* FirebaseAuth in Frameworks */ = {isa = PBXBuildFile; productRef = 6DB285772556020F004DEDF6 /* FirebaseAuth */; };
		6DB2857A2556020F004DEDF6 /* FirebaseMessaging in Frameworks */ = {isa = PBXBuildFile; productRef = 6DB285792556020F004DEDF6 /* FirebaseMessaging */; };
/* End PBXBuildFile section */

/* Begin PBXContainerItemProxy section */
		6DB2856B25560132004DEDF6 /* PBXContainerItemProxy */ = {
			isa = PBXContainerItemProxy;
			containerPortal = 6DB285232555BD05004DEDF6 /* Project object */;
			proxyType = 1;
			remoteGlobalIDString = 6DB2856525560132004DEDF6;
			remoteInfo = ImagesNotificationService;
		};
/* End PBXContainerItemProxy section */

/* Begin PBXCopyFilesBuildPhase section */
		6DB2857125560132004DEDF6 /* Embed App Extensions */ = {
			isa = PBXCopyFilesBuildPhase;
			buildActionMask = 2147483647;
			dstPath = "";
			dstSubfolderSpec = 13;
			files = (
				6DB2856D25560132004DEDF6 /* ImagesNotificationService.appex in Embed App Extensions */,
			);
			name = "Embed App Extensions";
			runOnlyForDeploymentPostprocessing = 0;
		};
/* End PBXCopyFilesBuildPhase section */

/* Begin PBXFileReference section */
		6DB2852B2555BD05004DEDF6 /* MotiWade.app */ = {isa = PBXFileReference; explicitFileType = wrapper.application; includeInIndex = 0; path = MotiWade.app; sourceTree = BUILT_PRODUCTS_DIR; };
		6DB2852E2555BD05004DEDF6 /* MotiWadeApp.swift */ = {isa = PBXFileReference; lastKnownFileType = sourcecode.swift; path = MotiWadeApp.swift; sourceTree = "<group>"; };
		6DB285302555BD05004DEDF6 /* ContentView.swift */ = {isa = PBXFileReference; lastKnownFileType = sourcecode.swift; path = ContentView.swift; sourceTree = "<group>"; };
		6DB285322555BD08004DEDF6 /* Assets.xcassets */ = {isa = PBXFileReference; lastKnownFileType = folder.assetcatalog; path = Assets.xcassets; sourceTree = "<group>"; };
		6DB285352555BD08004DEDF6 /* Preview Assets.xcassets */ = {isa = PBXFileReference; lastKnownFileType = folder.assetcatalog; path = "Preview Assets.xcassets"; sourceTree = "<group>"; };
		6DB285372555BD08004DEDF6 /* Info.plist */ = {isa = PBXFileReference; lastKnownFileType = text.plist.xml; path = Info.plist; sourceTree = "<group>"; };
		6DB2853E2555BF3E004DEDF6 /* WebView.swift */ = {isa = PBXFileReference; lastKnownFileType = sourcecode.swift; path = WebView.swift; sourceTree = "<group>"; };
		6DB285412555C7ED004DEDF6 /* secret.json */ = {isa = PBXFileReference; lastKnownFileType = text.json; path = secret.json; sourceTree = "<group>"; };
		6DB2855A2555DDCB004DEDF6 /* AppDelegate.swift */ = {isa = PBXFileReference; lastKnownFileType = sourcecode.swift; path = AppDelegate.swift; sourceTree = "<group>"; };
		6DB2855D2555DEF6004DEDF6 /* GoogleService-Info.plist */ = {isa = PBXFileReference; fileEncoding = 4; lastKnownFileType = text.plist.xml; path = "GoogleService-Info.plist"; sourceTree = "<group>"; };
		6DB285602555E417004DEDF6 /* MotiWade.entitlements */ = {isa = PBXFileReference; lastKnownFileType = text.plist.entitlements; path = MotiWade.entitlements; sourceTree = "<group>"; };
		6DB2856625560132004DEDF6 /* ImagesNotificationService.appex */ = {isa = PBXFileReference; explicitFileType = "wrapper.app-extension"; includeInIndex = 0; path = ImagesNotificationService.appex; sourceTree = BUILT_PRODUCTS_DIR; };
		6DB2856825560132004DEDF6 /* NotificationService.swift */ = {isa = PBXFileReference; lastKnownFileType = sourcecode.swift; path = NotificationService.swift; sourceTree = "<group>"; };
		6DB2856A25560132004DEDF6 /* Info.plist */ = {isa = PBXFileReference; lastKnownFileType = text.plist.xml; path = Info.plist; sourceTree = "<group>"; };
/* End PBXFileReference section */

/* Begin PBXFrameworksBuildPhase section */
		6DB285282555BD05004DEDF6 /* Frameworks */ = {
			isa = PBXFrameworksBuildPhase;
			buildActionMask = 2147483647;
			files = (
				6DB285582555DDA3004DEDF6 /* FirebaseMessaging in Frameworks */,
				6DB285562555DDA3004DEDF6 /* FirebaseAuth in Frameworks */,
			);
			runOnlyForDeploymentPostprocessing = 0;
		};
		6DB2856325560132004DEDF6 /* Frameworks */ = {
			isa = PBXFrameworksBuildPhase;
			buildActionMask = 2147483647;
			files = (
				6DB2857A2556020F004DEDF6 /* FirebaseMessaging in Frameworks */,
				6DB285782556020F004DEDF6 /* FirebaseAuth in Frameworks */,
			);
			runOnlyForDeploymentPostprocessing = 0;
		};
/* End PBXFrameworksBuildPhase section */

/* Begin PBXGroup section */
		6DB285222555BD05004DEDF6 = {
			isa = PBXGroup;
			children = (
				6DB2852D2555BD05004DEDF6 /* MotiWade */,
				6DB2856725560132004DEDF6 /* ImagesNotificationService */,
				6DB2852C2555BD05004DEDF6 /* Products */,
				6DB285762556020F004DEDF6 /* Frameworks */,
			);
			sourceTree = "<group>";
		};
		6DB2852C2555BD05004DEDF6 /* Products */ = {
			isa = PBXGroup;
			children = (
				6DB2852B2555BD05004DEDF6 /* MotiWade.app */,
				6DB2856625560132004DEDF6 /* ImagesNotificationService.appex */,
			);
			name = Products;
			sourceTree = "<group>";
		};
		6DB2852D2555BD05004DEDF6 /* MotiWade */ = {
			isa = PBXGroup;
			children = (
				6DB285602555E417004DEDF6 /* MotiWade.entitlements */,
				6DB2852E2555BD05004DEDF6 /* MotiWadeApp.swift */,
				6DB285302555BD05004DEDF6 /* ContentView.swift */,
				6DB285322555BD08004DEDF6 /* Assets.xcassets */,
				6DB285372555BD08004DEDF6 /* Info.plist */,
				6DB285342555BD08004DEDF6 /* Preview Content */,
				6DB2853E2555BF3E004DEDF6 /* WebView.swift */,
				6DB2855D2555DEF6004DEDF6 /* GoogleService-Info.plist */,
				6DB285412555C7ED004DEDF6 /* secret.json */,
				6DB2855A2555DDCB004DEDF6 /* AppDelegate.swift */,
			);
			path = MotiWade;
			sourceTree = "<group>";
		};
		6DB285342555BD08004DEDF6 /* Preview Content */ = {
			isa = PBXGroup;
			children = (
				6DB285352555BD08004DEDF6 /* Preview Assets.xcassets */,
			);
			path = "Preview Content";
			sourceTree = "<group>";
		};
		6DB2856725560132004DEDF6 /* ImagesNotificationService */ = {
			isa = PBXGroup;
			children = (
				6DB2856825560132004DEDF6 /* NotificationService.swift */,
				6DB2856A25560132004DEDF6 /* Info.plist */,
			);
			path = ImagesNotificationService;
			sourceTree = "<group>";
		};
		6DB285762556020F004DEDF6 /* Frameworks */ = {
			isa = PBXGroup;
			children = (
			);
			name = Frameworks;
			sourceTree = "<group>";
		};
/* End PBXGroup section */

/* Begin PBXNativeTarget section */
		6DB2852A2555BD05004DEDF6 /* MotiWade */ = {
			isa = PBXNativeTarget;
			buildConfigurationList = 6DB2853A2555BD08004DEDF6 /* Build configuration list for PBXNativeTarget "MotiWade" */;
			buildPhases = (
				6DB285272555BD05004DEDF6 /* Sources */,
				6DB285282555BD05004DEDF6 /* Frameworks */,
				6DB285292555BD05004DEDF6 /* Resources */,
				6DB2857125560132004DEDF6 /* Embed App Extensions */,
			);
			buildRules = (
			);
			dependencies = (
				6DB2856C25560132004DEDF6 /* PBXTargetDependency */,
			);
			name = MotiWade;
			packageProductDependencies = (
				6DB285552555DDA3004DEDF6 /* FirebaseAuth */,
				6DB285572555DDA3004DEDF6 /* FirebaseMessaging */,
			);
			productName = MotiWade;
			productReference = 6DB2852B2555BD05004DEDF6 /* MotiWade.app */;
			productType = "com.apple.product-type.application";
		};
		6DB2856525560132004DEDF6 /* ImagesNotificationService */ = {
			isa = PBXNativeTarget;
			buildConfigurationList = 6DB2856E25560132004DEDF6 /* Build configuration list for PBXNativeTarget "ImagesNotificationService" */;
			buildPhases = (
				6DB2856225560132004DEDF6 /* Sources */,
				6DB2856325560132004DEDF6 /* Frameworks */,
				6DB2856425560132004DEDF6 /* Resources */,
			);
			buildRules = (
			);
			dependencies = (
			);
			name = ImagesNotificationService;
			packageProductDependencies = (
				6DB285772556020F004DEDF6 /* FirebaseAuth */,
				6DB285792556020F004DEDF6 /* FirebaseMessaging */,
			);
			productName = ImagesNotificationService;
			productReference = 6DB2856625560132004DEDF6 /* ImagesNotificationService.appex */;
			productType = "com.apple.product-type.app-extension";
		};
/* End PBXNativeTarget section */

/* Begin PBXProject section */
		6DB285232555BD05004DEDF6 /* Project object */ = {
			isa = PBXProject;
			attributes = {
				LastSwiftUpdateCheck = 1210;
				LastUpgradeCheck = 1210;
				TargetAttributes = {
					6DB2852A2555BD05004DEDF6 = {
						CreatedOnToolsVersion = 12.1;
					};
					6DB2856525560132004DEDF6 = {
						CreatedOnToolsVersion = 12.1;
					};
				};
			};
			buildConfigurationList = 6DB285262555BD05004DEDF6 /* Build configuration list for PBXProject "MotiWade" */;
			compatibilityVersion = "Xcode 9.3";
			developmentRegion = en;
			hasScannedForEncodings = 0;
			knownRegions = (
				en,
				Base,
			);
			mainGroup = 6DB285222555BD05004DEDF6;
			packageReferences = (
				6DB285542555DDA3004DEDF6 /* XCRemoteSwiftPackageReference "firebase-ios-sdk" */,
			);
			productRefGroup = 6DB2852C2555BD05004DEDF6 /* Products */;
			projectDirPath = "";
			projectRoot = "";
			targets = (
				6DB2852A2555BD05004DEDF6 /* MotiWade */,
				6DB2856525560132004DEDF6 /* ImagesNotificationService */,
			);
		};
/* End PBXProject section */

/* Begin PBXResourcesBuildPhase section */
		6DB285292555BD05004DEDF6 /* Resources */ = {
			isa = PBXResourcesBuildPhase;
			buildActionMask = 2147483647;
			files = (
				6DB285422555C7ED004DEDF6 /* secret.json in Resources */,
				6DB2855E2555DEF6004DEDF6 /* GoogleService-Info.plist in Resources */,
				6DB285362555BD08004DEDF6 /* Preview Assets.xcassets in Resources */,
				6DB285332555BD08004DEDF6 /* Assets.xcassets in Resources */,
			);
			runOnlyForDeploymentPostprocessing = 0;
		};
		6DB2856425560132004DEDF6 /* Resources */ = {
			isa = PBXResourcesBuildPhase;
			buildActionMask = 2147483647;
			files = (
			);
			runOnlyForDeploymentPostprocessing = 0;
		};
/* End PBXResourcesBuildPhase section */

/* Begin PBXSourcesBuildPhase section */
		6DB285272555BD05004DEDF6 /* Sources */ = {
			isa = PBXSourcesBuildPhase;
			buildActionMask = 2147483647;
			files = (
				6DB2855B2555DDCB004DEDF6 /* AppDelegate.swift in Sources */,
				6DB2853F2555BF3E004DEDF6 /* WebView.swift in Sources */,
				6DB285312555BD05004DEDF6 /* ContentView.swift in Sources */,
				6D33A08C2556027D00EA4EAF /* NotificationService.swift in Sources */,
				6DB2852F2555BD05004DEDF6 /* MotiWadeApp.swift in Sources */,
			);
			runOnlyForDeploymentPostprocessing = 0;
		};
		6DB2856225560132004DEDF6 /* Sources */ = {
			isa = PBXSourcesBuildPhase;
			buildActionMask = 2147483647;
			files = (
				6DB2856925560132004DEDF6 /* NotificationService.swift in Sources */,
			);
			runOnlyForDeploymentPostprocessing = 0;
		};
/* End PBXSourcesBuildPhase section */

/* Begin PBXTargetDependency section */
		6DB2856C25560132004DEDF6 /* PBXTargetDependency */ = {
			isa = PBXTargetDependency;
			target = 6DB2856525560132004DEDF6 /* ImagesNotificationService */;
			targetProxy = 6DB2856B25560132004DEDF6 /* PBXContainerItemProxy */;
		};
/* End PBXTargetDependency section */

/* Begin XCBuildConfiguration section */
		6DB285382555BD08004DEDF6 /* Debug */ = {
			isa = XCBuildConfiguration;
			buildSettings = {
				ALWAYS_SEARCH_USER_PATHS = NO;
				CLANG_ANALYZER_NONNULL = YES;
				CLANG_ANALYZER_NUMBER_OBJECT_CONVERSION = YES_AGGRESSIVE;
				CLANG_CXX_LANGUAGE_STANDARD = "gnu++14";
				CLANG_CXX_LIBRARY = "libc++";
				CLANG_ENABLE_MODULES = YES;
				CLANG_ENABLE_OBJC_ARC = YES;
				CLANG_ENABLE_OBJC_WEAK = YES;
				CLANG_WARN_BLOCK_CAPTURE_AUTORELEASING = YES;
				CLANG_WARN_BOOL_CONVERSION = YES;
				CLANG_WARN_COMMA = YES;
				CLANG_WARN_CONSTANT_CONVERSION = YES;
				CLANG_WARN_DEPRECATED_OBJC_IMPLEMENTATIONS = YES;
				CLANG_WARN_DIRECT_OBJC_ISA_USAGE = YES_ERROR;
				CLANG_WARN_DOCUMENTATION_COMMENTS = YES;
				CLANG_WARN_EMPTY_BODY = YES;
				CLANG_WARN_ENUM_CONVERSION = YES;
				CLANG_WARN_INFINITE_RECURSION = YES;
				CLANG_WARN_INT_CONVERSION = YES;
				CLANG_WARN_NON_LITERAL_NULL_CONVERSION = YES;
				CLANG_WARN_OBJC_IMPLICIT_RETAIN_SELF = YES;
				CLANG_WARN_OBJC_LITERAL_CONVERSION = YES;
				CLANG_WARN_OBJC_ROOT_CLASS = YES_ERROR;
				CLANG_WARN_QUOTED_INCLUDE_IN_FRAMEWORK_HEADER = YES;
				CLANG_WARN_RANGE_LOOP_ANALYSIS = YES;
				CLANG_WARN_STRICT_PROTOTYPES = YES;
				CLANG_WARN_SUSPICIOUS_MOVE = YES;
				CLANG_WARN_UNGUARDED_AVAILABILITY = YES_AGGRESSIVE;
				CLANG_WARN_UNREACHABLE_CODE = YES;
				CLANG_WARN__DUPLICATE_METHOD_MATCH = YES;
				COPY_PHASE_STRIP = NO;
				DEBUG_INFORMATION_FORMAT = dwarf;
				ENABLE_STRICT_OBJC_MSGSEND = YES;
				ENABLE_TESTABILITY = YES;
				GCC_C_LANGUAGE_STANDARD = gnu11;
				GCC_DYNAMIC_NO_PIC = NO;
				GCC_NO_COMMON_BLOCKS = YES;
				GCC_OPTIMIZATION_LEVEL = 0;
				GCC_PREPROCESSOR_DEFINITIONS = (
					"DEBUG=1",
					"$(inherited)",
				);
				GCC_WARN_64_TO_32_BIT_CONVERSION = YES;
				GCC_WARN_ABOUT_RETURN_TYPE = YES_ERROR;
				GCC_WARN_UNDECLARED_SELECTOR = YES;
				GCC_WARN_UNINITIALIZED_AUTOS = YES_AGGRESSIVE;
				GCC_WARN_UNUSED_FUNCTION = YES;
				GCC_WARN_UNUSED_VARIABLE = YES;
				IPHONEOS_DEPLOYMENT_TARGET = 14.1;
				MTL_ENABLE_DEBUG_INFO = INCLUDE_SOURCE;
				MTL_FAST_MATH = YES;
				ONLY_ACTIVE_ARCH = YES;
				SDKROOT = iphoneos;
				SWIFT_ACTIVE_COMPILATION_CONDITIONS = DEBUG;
				SWIFT_OPTIMIZATION_LEVEL = "-Onone";
			};
			name = Debug;
		};
		6DB285392555BD08004DEDF6 /* Release */ = {
			isa = XCBuildConfiguration;
			buildSettings = {
				ALWAYS_SEARCH_USER_PATHS = NO;
				CLANG_ANALYZER_NONNULL = YES;
				CLANG_ANALYZER_NUMBER_OBJECT_CONVERSION = YES_AGGRESSIVE;
				CLANG_CXX_LANGUAGE_STANDARD = "gnu++14";
				CLANG_CXX_LIBRARY = "libc++";
				CLANG_ENABLE_MODULES = YES;
				CLANG_ENABLE_OBJC_ARC = YES;
				CLANG_ENABLE_OBJC_WEAK = YES;
				CLANG_WARN_BLOCK_CAPTURE_AUTORELEASING = YES;
				CLANG_WARN_BOOL_CONVERSION = YES;
				CLANG_WARN_COMMA = YES;
				CLANG_WARN_CONSTANT_CONVERSION = YES;
				CLANG_WARN_DEPRECATED_OBJC_IMPLEMENTATIONS = YES;
				CLANG_WARN_DIRECT_OBJC_ISA_USAGE = YES_ERROR;
				CLANG_WARN_DOCUMENTATION_COMMENTS = YES;
				CLANG_WARN_EMPTY_BODY = YES;
				CLANG_WARN_ENUM_CONVERSION = YES;
				CLANG_WARN_INFINITE_RECURSION = YES;
				CLANG_WARN_INT_CONVERSION = YES;
				CLANG_WARN_NON_LITERAL_NULL_CONVERSION = YES;
				CLANG_WARN_OBJC_IMPLICIT_RETAIN_SELF = YES;
				CLANG_WARN_OBJC_LITERAL_CONVERSION = YES;
				CLANG_WARN_OBJC_ROOT_CLASS = YES_ERROR;
				CLANG_WARN_QUOTED_INCLUDE_IN_FRAMEWORK_HEADER = YES;
				CLANG_WARN_RANGE_LOOP_ANALYSIS = YES;
				CLANG_WARN_STRICT_PROTOTYPES = YES;
				CLANG_WARN_SUSPICIOUS_MOVE = YES;
				CLANG_WARN_UNGUARDED_AVAILABILITY = YES_AGGRESSIVE;
				CLANG_WARN_UNREACHABLE_CODE = YES;
				CLANG_WARN__DUPLICATE_METHOD_MATCH = YES;
				COPY_PHASE_STRIP = NO;
				DEBUG_INFORMATION_FORMAT = "dwarf-with-dsym";
				ENABLE_NS_ASSERTIONS = NO;
				ENABLE_STRICT_OBJC_MSGSEND = YES;
				GCC_C_LANGUAGE_STANDARD = gnu11;
				GCC_NO_COMMON_BLOCKS = YES;
				GCC_WARN_64_TO_32_BIT_CONVERSION = YES;
				GCC_WARN_ABOUT_RETURN_TYPE = YES_ERROR;
				GCC_WARN_UNDECLARED_SELECTOR = YES;
				GCC_WARN_UNINITIALIZED_AUTOS = YES_AGGRESSIVE;
				GCC_WARN_UNUSED_FUNCTION = YES;
				GCC_WARN_UNUSED_VARIABLE = YES;
				IPHONEOS_DEPLOYMENT_TARGET = 14.1;
				MTL_ENABLE_DEBUG_INFO = NO;
				MTL_FAST_MATH = YES;
				SDKROOT = iphoneos;
				SWIFT_COMPILATION_MODE = wholemodule;
				SWIFT_OPTIMIZATION_LEVEL = "-O";
				VALIDATE_PRODUCT = YES;
			};
			name = Release;
		};
		6DB2853B2555BD08004DEDF6 /* Debug */ = {
			isa = XCBuildConfiguration;
			buildSettings = {
				ALWAYS_EMBED_SWIFT_STANDARD_LIBRARIES = YES;
				ASSETCATALOG_COMPILER_APPICON_NAME = AppIcon;
				ASSETCATALOG_COMPILER_GLOBAL_ACCENT_COLOR_NAME = AccentColor;
				CODE_SIGN_ENTITLEMENTS = MotiWade/MotiWade.entitlements;
				CODE_SIGN_STYLE = Automatic;
				CURRENT_PROJECT_VERSION = 4;
				DEVELOPMENT_ASSET_PATHS = "\"MotiWade/Preview Content\"";
				DEVELOPMENT_TEAM = ZBVHAA67XK;
				ENABLE_PREVIEWS = YES;
				INFOPLIST_FILE = MotiWade/Info.plist;
				IPHONEOS_DEPLOYMENT_TARGET = 14.0;
				LD_RUNPATH_SEARCH_PATHS = (
					"$(inherited)",
					"@executable_path/Frameworks",
				);
				PRODUCT_BUNDLE_IDENTIFIER = ru.RTUITLab.MotiWade;
				PRODUCT_NAME = "$(TARGET_NAME)";
				SWIFT_VERSION = 5.0;
				TARGETED_DEVICE_FAMILY = 1;
			};
			name = Debug;
		};
		6DB2853C2555BD08004DEDF6 /* Release */ = {
			isa = XCBuildConfiguration;
			buildSettings = {
				ALWAYS_EMBED_SWIFT_STANDARD_LIBRARIES = YES;
				ASSETCATALOG_COMPILER_APPICON_NAME = AppIcon;
				ASSETCATALOG_COMPILER_GLOBAL_ACCENT_COLOR_NAME = AccentColor;
				CODE_SIGN_ENTITLEMENTS = MotiWade/MotiWade.entitlements;
				CODE_SIGN_STYLE = Automatic;
				CURRENT_PROJECT_VERSION = 4;
				DEVELOPMENT_ASSET_PATHS = "\"MotiWade/Preview Content\"";
				DEVELOPMENT_TEAM = ZBVHAA67XK;
				ENABLE_PREVIEWS = YES;
				INFOPLIST_FILE = MotiWade/Info.plist;
				IPHONEOS_DEPLOYMENT_TARGET = 14.0;
				LD_RUNPATH_SEARCH_PATHS = (
					"$(inherited)",
					"@executable_path/Frameworks",
				);
				PRODUCT_BUNDLE_IDENTIFIER = ru.RTUITLab.MotiWade;
				PRODUCT_NAME = "$(TARGET_NAME)";
				SWIFT_VERSION = 5.0;
				TARGETED_DEVICE_FAMILY = 1;
			};
			name = Release;
		};
		6DB2856F25560132004DEDF6 /* Debug */ = {
			isa = XCBuildConfiguration;
			buildSettings = {
				CODE_SIGN_STYLE = Automatic;
				CURRENT_PROJECT_VERSION = 4;
				DEVELOPMENT_TEAM = ZBVHAA67XK;
				INFOPLIST_FILE = ImagesNotificationService/Info.plist;
				IPHONEOS_DEPLOYMENT_TARGET = 14.0;
				LD_RUNPATH_SEARCH_PATHS = (
					"$(inherited)",
					"@executable_path/Frameworks",
					"@executable_path/../../Frameworks",
				);
				PRODUCT_BUNDLE_IDENTIFIER = ru.RTUITLab.MotiWade.ImagesNotificationService;
				PRODUCT_NAME = "$(TARGET_NAME)";
				SKIP_INSTALL = YES;
				SWIFT_VERSION = 5.0;
				TARGETED_DEVICE_FAMILY = 1;
			};
			name = Debug;
		};
		6DB2857025560132004DEDF6 /* Release */ = {
			isa = XCBuildConfiguration;
			buildSettings = {
				CODE_SIGN_STYLE = Automatic;
				CURRENT_PROJECT_VERSION = 4;
				DEVELOPMENT_TEAM = ZBVHAA67XK;
				INFOPLIST_FILE = ImagesNotificationService/Info.plist;
				IPHONEOS_DEPLOYMENT_TARGET = 14.0;
				LD_RUNPATH_SEARCH_PATHS = (
					"$(inherited)",
					"@executable_path/Frameworks",
					"@executable_path/../../Frameworks",
				);
				PRODUCT_BUNDLE_IDENTIFIER = ru.RTUITLab.MotiWade.ImagesNotificationService;
				PRODUCT_NAME = "$(TARGET_NAME)";
				SKIP_INSTALL = YES;
				SWIFT_VERSION = 5.0;
				TARGETED_DEVICE_FAMILY = 1;
			};
			name = Release;
		};
/* End XCBuildConfiguration section */

/* Begin XCConfigurationList section */
		6DB285262555BD05004DEDF6 /* Build configuration list for PBXProject "MotiWade" */ = {
			isa = XCConfigurationList;
			buildConfigurations = (
				6DB285382555BD08004DEDF6 /* Debug */,
				6DB285392555BD08004DEDF6 /* Release */,
			);
			defaultConfigurationIsVisible = 0;
			defaultConfigurationName = Release;
		};
		6DB2853A2555BD08004DEDF6 /* Build configuration list for PBXNativeTarget "MotiWade" */ = {
			isa = XCConfigurationList;
			buildConfigurations = (
				6DB2853B2555BD08004DEDF6 /* Debug */,
				6DB2853C2555BD08004DEDF6 /* Release */,
			);
			defaultConfigurationIsVisible = 0;
			defaultConfigurationName = Release;
		};
		6DB2856E25560132004DEDF6 /* Build configuration list for PBXNativeTarget "ImagesNotificationService" */ = {
			isa = XCConfigurationList;
			buildConfigurations = (
				6DB2856F25560132004DEDF6 /* Debug */,
				6DB2857025560132004DEDF6 /* Release */,
			);
			defaultConfigurationIsVisible = 0;
			defaultConfigurationName = Release;
		};
/* End XCConfigurationList section */

/* Begin XCRemoteSwiftPackageReference section */
		6DB285542555DDA3004DEDF6 /* XCRemoteSwiftPackageReference "firebase-ios-sdk" */ = {
			isa = XCRemoteSwiftPackageReference;
			repositoryURL = "https://github.com/firebase/firebase-ios-sdk.git";
			requirement = {
				branch = "7.0-spm-beta";
				kind = branch;
			};
		};
/* End XCRemoteSwiftPackageReference section */

/* Begin XCSwiftPackageProductDependency section */
		6DB285552555DDA3004DEDF6 /* FirebaseAuth */ = {
			isa = XCSwiftPackageProductDependency;
			package = 6DB285542555DDA3004DEDF6 /* XCRemoteSwiftPackageReference "firebase-ios-sdk" */;
			productName = FirebaseAuth;
		};
		6DB285572555DDA3004DEDF6 /* FirebaseMessaging */ = {
			isa = XCSwiftPackageProductDependency;
			package = 6DB285542555DDA3004DEDF6 /* XCRemoteSwiftPackageReference "firebase-ios-sdk" */;
			productName = FirebaseMessaging;
		};
		6DB285772556020F004DEDF6 /* FirebaseAuth */ = {
			isa = XCSwiftPackageProductDependency;
			package = 6DB285542555DDA3004DEDF6 /* XCRemoteSwiftPackageReference "firebase-ios-sdk" */;
			productName = FirebaseAuth;
		};
		6DB285792556020F004DEDF6 /* FirebaseMessaging */ = {
			isa = XCSwiftPackageProductDependency;
			package = 6DB285542555DDA3004DEDF6 /* XCRemoteSwiftPackageReference "firebase-ios-sdk" */;
			productName = FirebaseMessaging;
		};
/* End XCSwiftPackageProductDependency section */
	};
	rootObject = 6DB285232555BD05004DEDF6 /* Project object */;
}
